// !$*UTF8*$!
{
	archiveVersion = 1;
	classes = {
	};
	objectVersion = 46;
	objects = {

/* Begin PBXBuildFile section */
		E3E203941E533DBF00EA9813 /* main.cpp in Sources */ = {isa = PBXBuildFile; fileRef = E3E203931E533DBF00EA9813 /* main.cpp */; };
		E3E203CB1E533E2100EA9813 /* libopencv_calib3d.3.2.0.dylib in Frameworks */ = {isa = PBXBuildFile; fileRef = E3E2039B1E533E2100EA9813 /* libopencv_calib3d.3.2.0.dylib */; };
		E3E203CC1E533E2100EA9813 /* libopencv_calib3d.3.2.0.dylib in Frameworks */ = {isa = PBXBuildFile; fileRef = E3E2039C1E533E2100EA9813 /* libopencv_calib3d.3.2.0.dylib */; };
		E3E203CD1E533E2100EA9813 /* libopencv_calib3d.3.2.0.dylib in Frameworks */ = {isa = PBXBuildFile; fileRef = E3E2039D1E533E2100EA9813 /* libopencv_calib3d.3.2.0.dylib */; };
		E3E203CE1E533E2100EA9813 /* libopencv_core.3.2.0.dylib in Frameworks */ = {isa = PBXBuildFile; fileRef = E3E2039E1E533E2100EA9813 /* libopencv_core.3.2.0.dylib */; };
		E3E203CF1E533E2100EA9813 /* libopencv_core.3.2.0.dylib in Frameworks */ = {isa = PBXBuildFile; fileRef = E3E2039F1E533E2100EA9813 /* libopencv_core.3.2.0.dylib */; };
		E3E203D01E533E2100EA9813 /* libopencv_core.3.2.0.dylib in Frameworks */ = {isa = PBXBuildFile; fileRef = E3E203A01E533E2100EA9813 /* libopencv_core.3.2.0.dylib */; };
		E3E203D11E533E2100EA9813 /* libopencv_features2d.3.2.0.dylib in Frameworks */ = {isa = PBXBuildFile; fileRef = E3E203A11E533E2100EA9813 /* libopencv_features2d.3.2.0.dylib */; };
		E3E203D21E533E2100EA9813 /* libopencv_features2d.3.2.0.dylib in Frameworks */ = {isa = PBXBuildFile; fileRef = E3E203A21E533E2100EA9813 /* libopencv_features2d.3.2.0.dylib */; };
		E3E203D31E533E2100EA9813 /* libopencv_features2d.3.2.0.dylib in Frameworks */ = {isa = PBXBuildFile; fileRef = E3E203A31E533E2100EA9813 /* libopencv_features2d.3.2.0.dylib */; };
		E3E203D41E533E2100EA9813 /* libopencv_flann.3.2.0.dylib in Frameworks */ = {isa = PBXBuildFile; fileRef = E3E203A41E533E2100EA9813 /* libopencv_flann.3.2.0.dylib */; };
		E3E203D51E533E2100EA9813 /* libopencv_flann.3.2.0.dylib in Frameworks */ = {isa = PBXBuildFile; fileRef = E3E203A51E533E2100EA9813 /* libopencv_flann.3.2.0.dylib */; };
		E3E203D61E533E2100EA9813 /* libopencv_flann.3.2.0.dylib in Frameworks */ = {isa = PBXBuildFile; fileRef = E3E203A61E533E2100EA9813 /* libopencv_flann.3.2.0.dylib */; };
		E3E203D71E533E2100EA9813 /* libopencv_highgui.3.2.0.dylib in Frameworks */ = {isa = PBXBuildFile; fileRef = E3E203A71E533E2100EA9813 /* libopencv_highgui.3.2.0.dylib */; };
		E3E203D81E533E2100EA9813 /* libopencv_highgui.3.2.0.dylib in Frameworks */ = {isa = PBXBuildFile; fileRef = E3E203A81E533E2100EA9813 /* libopencv_highgui.3.2.0.dylib */; };
		E3E203D91E533E2100EA9813 /* libopencv_highgui.3.2.0.dylib in Frameworks */ = {isa = PBXBuildFile; fileRef = E3E203A91E533E2100EA9813 /* libopencv_highgui.3.2.0.dylib */; };
		E3E203DA1E533E2100EA9813 /* libopencv_imgcodecs.3.2.0.dylib in Frameworks */ = {isa = PBXBuildFile; fileRef = E3E203AA1E533E2100EA9813 /* libopencv_imgcodecs.3.2.0.dylib */; };
		E3E203DB1E533E2100EA9813 /* libopencv_imgcodecs.3.2.0.dylib in Frameworks */ = {isa = PBXBuildFile; fileRef = E3E203AB1E533E2100EA9813 /* libopencv_imgcodecs.3.2.0.dylib */; };
		E3E203DC1E533E2100EA9813 /* libopencv_imgcodecs.3.2.0.dylib in Frameworks */ = {isa = PBXBuildFile; fileRef = E3E203AC1E533E2100EA9813 /* libopencv_imgcodecs.3.2.0.dylib */; };
		E3E203DD1E533E2100EA9813 /* libopencv_imgproc.3.2.0.dylib in Frameworks */ = {isa = PBXBuildFile; fileRef = E3E203AD1E533E2100EA9813 /* libopencv_imgproc.3.2.0.dylib */; };
		E3E203DE1E533E2100EA9813 /* libopencv_imgproc.3.2.0.dylib in Frameworks */ = {isa = PBXBuildFile; fileRef = E3E203AE1E533E2100EA9813 /* libopencv_imgproc.3.2.0.dylib */; };
		E3E203DF1E533E2100EA9813 /* libopencv_imgproc.3.2.0.dylib in Frameworks */ = {isa = PBXBuildFile; fileRef = E3E203AF1E533E2100EA9813 /* libopencv_imgproc.3.2.0.dylib */; };
		E3E203E01E533E2100EA9813 /* libopencv_ml.3.2.0.dylib in Frameworks */ = {isa = PBXBuildFile; fileRef = E3E203B01E533E2100EA9813 /* libopencv_ml.3.2.0.dylib */; };
		E3E203E11E533E2100EA9813 /* libopencv_ml.3.2.0.dylib in Frameworks */ = {isa = PBXBuildFile; fileRef = E3E203B11E533E2100EA9813 /* libopencv_ml.3.2.0.dylib */; };
		E3E203E21E533E2100EA9813 /* libopencv_ml.3.2.0.dylib in Frameworks */ = {isa = PBXBuildFile; fileRef = E3E203B21E533E2100EA9813 /* libopencv_ml.3.2.0.dylib */; };
		E3E203E31E533E2100EA9813 /* libopencv_objdetect.3.2.0.dylib in Frameworks */ = {isa = PBXBuildFile; fileRef = E3E203B31E533E2100EA9813 /* libopencv_objdetect.3.2.0.dylib */; };
		E3E203E41E533E2100EA9813 /* libopencv_objdetect.3.2.0.dylib in Frameworks */ = {isa = PBXBuildFile; fileRef = E3E203B41E533E2100EA9813 /* libopencv_objdetect.3.2.0.dylib */; };
		E3E203E51E533E2100EA9813 /* libopencv_objdetect.3.2.0.dylib in Frameworks */ = {isa = PBXBuildFile; fileRef = E3E203B51E533E2100EA9813 /* libopencv_objdetect.3.2.0.dylib */; };
		E3E203E61E533E2100EA9813 /* libopencv_photo.3.2.0.dylib in Frameworks */ = {isa = PBXBuildFile; fileRef = E3E203B61E533E2100EA9813 /* libopencv_photo.3.2.0.dylib */; };
		E3E203E71E533E2100EA9813 /* libopencv_photo.3.2.0.dylib in Frameworks */ = {isa = PBXBuildFile; fileRef = E3E203B71E533E2100EA9813 /* libopencv_photo.3.2.0.dylib */; };
		E3E203E81E533E2100EA9813 /* libopencv_photo.3.2.0.dylib in Frameworks */ = {isa = PBXBuildFile; fileRef = E3E203B81E533E2100EA9813 /* libopencv_photo.3.2.0.dylib */; };
		E3E203E91E533E2100EA9813 /* libopencv_shape.3.2.0.dylib in Frameworks */ = {isa = PBXBuildFile; fileRef = E3E203B91E533E2100EA9813 /* libopencv_shape.3.2.0.dylib */; };
		E3E203EA1E533E2100EA9813 /* libopencv_shape.3.2.0.dylib in Frameworks */ = {isa = PBXBuildFile; fileRef = E3E203BA1E533E2100EA9813 /* libopencv_shape.3.2.0.dylib */; };
		E3E203EB1E533E2100EA9813 /* libopencv_shape.3.2.0.dylib in Frameworks */ = {isa = PBXBuildFile; fileRef = E3E203BB1E533E2100EA9813 /* libopencv_shape.3.2.0.dylib */; };
		E3E203EC1E533E2100EA9813 /* libopencv_stitching.3.2.0.dylib in Frameworks */ = {isa = PBXBuildFile; fileRef = E3E203BC1E533E2100EA9813 /* libopencv_stitching.3.2.0.dylib */; };
		E3E203ED1E533E2100EA9813 /* libopencv_stitching.3.2.0.dylib in Frameworks */ = {isa = PBXBuildFile; fileRef = E3E203BD1E533E2100EA9813 /* libopencv_stitching.3.2.0.dylib */; };
		E3E203EE1E533E2100EA9813 /* libopencv_stitching.3.2.0.dylib in Frameworks */ = {isa = PBXBuildFile; fileRef = E3E203BE1E533E2100EA9813 /* libopencv_stitching.3.2.0.dylib */; };
		E3E203EF1E533E2100EA9813 /* libopencv_superres.3.2.0.dylib in Frameworks */ = {isa = PBXBuildFile; fileRef = E3E203BF1E533E2100EA9813 /* libopencv_superres.3.2.0.dylib */; };
		E3E203F01E533E2100EA9813 /* libopencv_superres.3.2.0.dylib in Frameworks */ = {isa = PBXBuildFile; fileRef = E3E203C01E533E2100EA9813 /* libopencv_superres.3.2.0.dylib */; };
		E3E203F11E533E2100EA9813 /* libopencv_superres.3.2.0.dylib in Frameworks */ = {isa = PBXBuildFile; fileRef = E3E203C11E533E2100EA9813 /* libopencv_superres.3.2.0.dylib */; };
		E3E203F21E533E2100EA9813 /* libopencv_video.3.2.0.dylib in Frameworks */ = {isa = PBXBuildFile; fileRef = E3E203C21E533E2100EA9813 /* libopencv_video.3.2.0.dylib */; };
		E3E203F31E533E2100EA9813 /* libopencv_video.3.2.0.dylib in Frameworks */ = {isa = PBXBuildFile; fileRef = E3E203C31E533E2100EA9813 /* libopencv_video.3.2.0.dylib */; };
		E3E203F41E533E2100EA9813 /* libopencv_video.3.2.0.dylib in Frameworks */ = {isa = PBXBuildFile; fileRef = E3E203C41E533E2100EA9813 /* libopencv_video.3.2.0.dylib */; };
		E3E203F51E533E2100EA9813 /* libopencv_videoio.3.2.0.dylib in Frameworks */ = {isa = PBXBuildFile; fileRef = E3E203C51E533E2100EA9813 /* libopencv_videoio.3.2.0.dylib */; };
		E3E203F61E533E2100EA9813 /* libopencv_videoio.3.2.0.dylib in Frameworks */ = {isa = PBXBuildFile; fileRef = E3E203C61E533E2100EA9813 /* libopencv_videoio.3.2.0.dylib */; };
		E3E203F71E533E2100EA9813 /* libopencv_videoio.3.2.0.dylib in Frameworks */ = {isa = PBXBuildFile; fileRef = E3E203C71E533E2100EA9813 /* libopencv_videoio.3.2.0.dylib */; };
		E3E203F81E533E2100EA9813 /* libopencv_videostab.3.2.0.dylib in Frameworks */ = {isa = PBXBuildFile; fileRef = E3E203C81E533E2100EA9813 /* libopencv_videostab.3.2.0.dylib */; };
		E3E203F91E533E2100EA9813 /* libopencv_videostab.3.2.0.dylib in Frameworks */ = {isa = PBXBuildFile; fileRef = E3E203C91E533E2100EA9813 /* libopencv_videostab.3.2.0.dylib */; };
		E3E203FA1E533E2100EA9813 /* libopencv_videostab.3.2.0.dylib in Frameworks */ = {isa = PBXBuildFile; fileRef = E3E203CA1E533E2100EA9813 /* libopencv_videostab.3.2.0.dylib */; };
/* End PBXBuildFile section */

/* Begin PBXCopyFilesBuildPhase section */
		E3E2038E1E533DBF00EA9813 /* CopyFiles */ = {
			isa = PBXCopyFilesBuildPhase;
			buildActionMask = 2147483647;
			dstPath = /usr/share/man/man1/;
			dstSubfolderSpec = 0;
			files = (
			);
			runOnlyForDeploymentPostprocessing = 1;
		};
/* End PBXCopyFilesBuildPhase section */

/* Begin PBXFileReference section */
		E3E203901E533DBF00EA9813 /* CameraHostThreaded */ = {isa = PBXFileReference; explicitFileType = "compiled.mach-o.executable"; includeInIndex = 0; path = CameraHostThreaded; sourceTree = BUILT_PRODUCTS_DIR; };
		E3E203931E533DBF00EA9813 /* main.cpp */ = {isa = PBXFileReference; lastKnownFileType = sourcecode.cpp.cpp; path = main.cpp; sourceTree = "<group>"; };
		E3E2039B1E533E2100EA9813 /* libopencv_calib3d.3.2.0.dylib */ = {isa = PBXFileReference; lastKnownFileType = "compiled.mach-o.dylib"; path = libopencv_calib3d.3.2.0.dylib; sourceTree = "<group>"; };
		E3E2039C1E533E2100EA9813 /* libopencv_calib3d.3.2.0.dylib */ = {isa = PBXFileReference; lastKnownFileType = "compiled.mach-o.dylib"; path = libopencv_calib3d.3.2.0.dylib; sourceTree = "<group>"; };
		E3E2039D1E533E2100EA9813 /* libopencv_calib3d.3.2.0.dylib */ = {isa = PBXFileReference; lastKnownFileType = "compiled.mach-o.dylib"; path = libopencv_calib3d.3.2.0.dylib; sourceTree = "<group>"; };
		E3E2039E1E533E2100EA9813 /* libopencv_core.3.2.0.dylib */ = {isa = PBXFileReference; lastKnownFileType = "compiled.mach-o.dylib"; path = libopencv_core.3.2.0.dylib; sourceTree = "<group>"; };
		E3E2039F1E533E2100EA9813 /* libopencv_core.3.2.0.dylib */ = {isa = PBXFileReference; lastKnownFileType = "compiled.mach-o.dylib"; path = libopencv_core.3.2.0.dylib; sourceTree = "<group>"; };
		E3E203A01E533E2100EA9813 /* libopencv_core.3.2.0.dylib */ = {isa = PBXFileReference; lastKnownFileType = "compiled.mach-o.dylib"; path = libopencv_core.3.2.0.dylib; sourceTree = "<group>"; };
		E3E203A11E533E2100EA9813 /* libopencv_features2d.3.2.0.dylib */ = {isa = PBXFileReference; lastKnownFileType = "compiled.mach-o.dylib"; path = libopencv_features2d.3.2.0.dylib; sourceTree = "<group>"; };
		E3E203A21E533E2100EA9813 /* libopencv_features2d.3.2.0.dylib */ = {isa = PBXFileReference; lastKnownFileType = "compiled.mach-o.dylib"; path = libopencv_features2d.3.2.0.dylib; sourceTree = "<group>"; };
		E3E203A31E533E2100EA9813 /* libopencv_features2d.3.2.0.dylib */ = {isa = PBXFileReference; lastKnownFileType = "compiled.mach-o.dylib"; path = libopencv_features2d.3.2.0.dylib; sourceTree = "<group>"; };
		E3E203A41E533E2100EA9813 /* libopencv_flann.3.2.0.dylib */ = {isa = PBXFileReference; lastKnownFileType = "compiled.mach-o.dylib"; path = libopencv_flann.3.2.0.dylib; sourceTree = "<group>"; };
		E3E203A51E533E2100EA9813 /* libopencv_flann.3.2.0.dylib */ = {isa = PBXFileReference; lastKnownFileType = "compiled.mach-o.dylib"; path = libopencv_flann.3.2.0.dylib; sourceTree = "<group>"; };
		E3E203A61E533E2100EA9813 /* libopencv_flann.3.2.0.dylib */ = {isa = PBXFileReference; lastKnownFileType = "compiled.mach-o.dylib"; path = libopencv_flann.3.2.0.dylib; sourceTree = "<group>"; };
		E3E203A71E533E2100EA9813 /* libopencv_highgui.3.2.0.dylib */ = {isa = PBXFileReference; lastKnownFileType = "compiled.mach-o.dylib"; path = libopencv_highgui.3.2.0.dylib; sourceTree = "<group>"; };
		E3E203A81E533E2100EA9813 /* libopencv_highgui.3.2.0.dylib */ = {isa = PBXFileReference; lastKnownFileType = "compiled.mach-o.dylib"; path = libopencv_highgui.3.2.0.dylib; sourceTree = "<group>"; };
		E3E203A91E533E2100EA9813 /* libopencv_highgui.3.2.0.dylib */ = {isa = PBXFileReference; lastKnownFileType = "compiled.mach-o.dylib"; path = libopencv_highgui.3.2.0.dylib; sourceTree = "<group>"; };
		E3E203AA1E533E2100EA9813 /* libopencv_imgcodecs.3.2.0.dylib */ = {isa = PBXFileReference; lastKnownFileType = "compiled.mach-o.dylib"; path = libopencv_imgcodecs.3.2.0.dylib; sourceTree = "<group>"; };
		E3E203AB1E533E2100EA9813 /* libopencv_imgcodecs.3.2.0.dylib */ = {isa = PBXFileReference; lastKnownFileType = "compiled.mach-o.dylib"; path = libopencv_imgcodecs.3.2.0.dylib; sourceTree = "<group>"; };
		E3E203AC1E533E2100EA9813 /* libopencv_imgcodecs.3.2.0.dylib */ = {isa = PBXFileReference; lastKnownFileType = "compiled.mach-o.dylib"; path = libopencv_imgcodecs.3.2.0.dylib; sourceTree = "<group>"; };
		E3E203AD1E533E2100EA9813 /* libopencv_imgproc.3.2.0.dylib */ = {isa = PBXFileReference; lastKnownFileType = "compiled.mach-o.dylib"; path = libopencv_imgproc.3.2.0.dylib; sourceTree = "<group>"; };
		E3E203AE1E533E2100EA9813 /* libopencv_imgproc.3.2.0.dylib */ = {isa = PBXFileReference; lastKnownFileType = "compiled.mach-o.dylib"; path = libopencv_imgproc.3.2.0.dylib; sourceTree = "<group>"; };
		E3E203AF1E533E2100EA9813 /* libopencv_imgproc.3.2.0.dylib */ = {isa = PBXFileReference; lastKnownFileType = "compiled.mach-o.dylib"; path = libopencv_imgproc.3.2.0.dylib; sourceTree = "<group>"; };
		E3E203B01E533E2100EA9813 /* libopencv_ml.3.2.0.dylib */ = {isa = PBXFileReference; lastKnownFileType = "compiled.mach-o.dylib"; path = libopencv_ml.3.2.0.dylib; sourceTree = "<group>"; };
		E3E203B11E533E2100EA9813 /* libopencv_ml.3.2.0.dylib */ = {isa = PBXFileReference; lastKnownFileType = "compiled.mach-o.dylib"; path = libopencv_ml.3.2.0.dylib; sourceTree = "<group>"; };
		E3E203B21E533E2100EA9813 /* libopencv_ml.3.2.0.dylib */ = {isa = PBXFileReference; lastKnownFileType = "compiled.mach-o.dylib"; path = libopencv_ml.3.2.0.dylib; sourceTree = "<group>"; };
		E3E203B31E533E2100EA9813 /* libopencv_objdetect.3.2.0.dylib */ = {isa = PBXFileReference; lastKnownFileType = "compiled.mach-o.dylib"; path = libopencv_objdetect.3.2.0.dylib; sourceTree = "<group>"; };
		E3E203B41E533E2100EA9813 /* libopencv_objdetect.3.2.0.dylib */ = {isa = PBXFileReference; lastKnownFileType = "compiled.mach-o.dylib"; path = libopencv_objdetect.3.2.0.dylib; sourceTree = "<group>"; };
		E3E203B51E533E2100EA9813 /* libopencv_objdetect.3.2.0.dylib */ = {isa = PBXFileReference; lastKnownFileType = "compiled.mach-o.dylib"; path = libopencv_objdetect.3.2.0.dylib; sourceTree = "<group>"; };
		E3E203B61E533E2100EA9813 /* libopencv_photo.3.2.0.dylib */ = {isa = PBXFileReference; lastKnownFileType = "compiled.mach-o.dylib"; path = libopencv_photo.3.2.0.dylib; sourceTree = "<group>"; };
		E3E203B71E533E2100EA9813 /* libopencv_photo.3.2.0.dylib */ = {isa = PBXFileReference; lastKnownFileType = "compiled.mach-o.dylib"; path = libopencv_photo.3.2.0.dylib; sourceTree = "<group>"; };
		E3E203B81E533E2100EA9813 /* libopencv_photo.3.2.0.dylib */ = {isa = PBXFileReference; lastKnownFileType = "compiled.mach-o.dylib"; path = libopencv_photo.3.2.0.dylib; sourceTree = "<group>"; };
		E3E203B91E533E2100EA9813 /* libopencv_shape.3.2.0.dylib */ = {isa = PBXFileReference; lastKnownFileType = "compiled.mach-o.dylib"; path = libopencv_shape.3.2.0.dylib; sourceTree = "<group>"; };
		E3E203BA1E533E2100EA9813 /* libopencv_shape.3.2.0.dylib */ = {isa = PBXFileReference; lastKnownFileType = "compiled.mach-o.dylib"; path = libopencv_shape.3.2.0.dylib; sourceTree = "<group>"; };
		E3E203BB1E533E2100EA9813 /* libopencv_shape.3.2.0.dylib */ = {isa = PBXFileReference; lastKnownFileType = "compiled.mach-o.dylib"; path = libopencv_shape.3.2.0.dylib; sourceTree = "<group>"; };
		E3E203BC1E533E2100EA9813 /* libopencv_stitching.3.2.0.dylib */ = {isa = PBXFileReference; lastKnownFileType = "compiled.mach-o.dylib"; path = libopencv_stitching.3.2.0.dylib; sourceTree = "<group>"; };
		E3E203BD1E533E2100EA9813 /* libopencv_stitching.3.2.0.dylib */ = {isa = PBXFileReference; lastKnownFileType = "compiled.mach-o.dylib"; path = libopencv_stitching.3.2.0.dylib; sourceTree = "<group>"; };
		E3E203BE1E533E2100EA9813 /* libopencv_stitching.3.2.0.dylib */ = {isa = PBXFileReference; lastKnownFileType = "compiled.mach-o.dylib"; path = libopencv_stitching.3.2.0.dylib; sourceTree = "<group>"; };
		E3E203BF1E533E2100EA9813 /* libopencv_superres.3.2.0.dylib */ = {isa = PBXFileReference; lastKnownFileType = "compiled.mach-o.dylib"; path = libopencv_superres.3.2.0.dylib; sourceTree = "<group>"; };
		E3E203C01E533E2100EA9813 /* libopencv_superres.3.2.0.dylib */ = {isa = PBXFileReference; lastKnownFileType = "compiled.mach-o.dylib"; path = libopencv_superres.3.2.0.dylib; sourceTree = "<group>"; };
		E3E203C11E533E2100EA9813 /* libopencv_superres.3.2.0.dylib */ = {isa = PBXFileReference; lastKnownFileType = "compiled.mach-o.dylib"; path = libopencv_superres.3.2.0.dylib; sourceTree = "<group>"; };
		E3E203C21E533E2100EA9813 /* libopencv_video.3.2.0.dylib */ = {isa = PBXFileReference; lastKnownFileType = "compiled.mach-o.dylib"; path = libopencv_video.3.2.0.dylib; sourceTree = "<group>"; };
		E3E203C31E533E2100EA9813 /* libopencv_video.3.2.0.dylib */ = {isa = PBXFileReference; lastKnownFileType = "compiled.mach-o.dylib"; path = libopencv_video.3.2.0.dylib; sourceTree = "<group>"; };
		E3E203C41E533E2100EA9813 /* libopencv_video.3.2.0.dylib */ = {isa = PBXFileReference; lastKnownFileType = "compiled.mach-o.dylib"; path = libopencv_video.3.2.0.dylib; sourceTree = "<group>"; };
		E3E203C51E533E2100EA9813 /* libopencv_videoio.3.2.0.dylib */ = {isa = PBXFileReference; lastKnownFileType = "compiled.mach-o.dylib"; path = libopencv_videoio.3.2.0.dylib; sourceTree = "<group>"; };
		E3E203C61E533E2100EA9813 /* libopencv_videoio.3.2.0.dylib */ = {isa = PBXFileReference; lastKnownFileType = "compiled.mach-o.dylib"; path = libopencv_videoio.3.2.0.dylib; sourceTree = "<group>"; };
		E3E203C71E533E2100EA9813 /* libopencv_videoio.3.2.0.dylib */ = {isa = PBXFileReference; lastKnownFileType = "compiled.mach-o.dylib"; path = libopencv_videoio.3.2.0.dylib; sourceTree = "<group>"; };
		E3E203C81E533E2100EA9813 /* libopencv_videostab.3.2.0.dylib */ = {isa = PBXFileReference; lastKnownFileType = "compiled.mach-o.dylib"; path = libopencv_videostab.3.2.0.dylib; sourceTree = "<group>"; };
		E3E203C91E533E2100EA9813 /* libopencv_videostab.3.2.0.dylib */ = {isa = PBXFileReference; lastKnownFileType = "compiled.mach-o.dylib"; path = libopencv_videostab.3.2.0.dylib; sourceTree = "<group>"; };
		E3E203CA1E533E2100EA9813 /* libopencv_videostab.3.2.0.dylib */ = {isa = PBXFileReference; lastKnownFileType = "compiled.mach-o.dylib"; path = libopencv_videostab.3.2.0.dylib; sourceTree = "<group>"; };
/* End PBXFileReference section */

/* Begin PBXFrameworksBuildPhase section */
		E3E2038D1E533DBF00EA9813 /* Frameworks */ = {
			isa = PBXFrameworksBuildPhase;
			buildActionMask = 2147483647;
			files = (
				E3E203F91E533E2100EA9813 /* libopencv_videostab.3.2.0.dylib in Frameworks */,
				E3E203D41E533E2100EA9813 /* libopencv_flann.3.2.0.dylib in Frameworks */,
				E3E203D31E533E2100EA9813 /* libopencv_features2d.3.2.0.dylib in Frameworks */,
				E3E203F61E533E2100EA9813 /* libopencv_videoio.3.2.0.dylib in Frameworks */,
				E3E203D81E533E2100EA9813 /* libopencv_highgui.3.2.0.dylib in Frameworks */,
				E3E203E21E533E2100EA9813 /* libopencv_ml.3.2.0.dylib in Frameworks */,
				E3E203E71E533E2100EA9813 /* libopencv_photo.3.2.0.dylib in Frameworks */,
				E3E203F01E533E2100EA9813 /* libopencv_superres.3.2.0.dylib in Frameworks */,
				E3E203ED1E533E2100EA9813 /* libopencv_stitching.3.2.0.dylib in Frameworks */,
				E3E203F81E533E2100EA9813 /* libopencv_videostab.3.2.0.dylib in Frameworks */,
				E3E203EB1E533E2100EA9813 /* libopencv_shape.3.2.0.dylib in Frameworks */,
				E3E203D51E533E2100EA9813 /* libopencv_flann.3.2.0.dylib in Frameworks */,
				E3E203CB1E533E2100EA9813 /* libopencv_calib3d.3.2.0.dylib in Frameworks */,
				E3E203F71E533E2100EA9813 /* libopencv_videoio.3.2.0.dylib in Frameworks */,
				E3E203E81E533E2100EA9813 /* libopencv_photo.3.2.0.dylib in Frameworks */,
				E3E203CE1E533E2100EA9813 /* libopencv_core.3.2.0.dylib in Frameworks */,
				E3E203CD1E533E2100EA9813 /* libopencv_calib3d.3.2.0.dylib in Frameworks */,
				E3E203DC1E533E2100EA9813 /* libopencv_imgcodecs.3.2.0.dylib in Frameworks */,
				E3E203FA1E533E2100EA9813 /* libopencv_videostab.3.2.0.dylib in Frameworks */,
				E3E203F41E533E2100EA9813 /* libopencv_video.3.2.0.dylib in Frameworks */,
				E3E203D01E533E2100EA9813 /* libopencv_core.3.2.0.dylib in Frameworks */,
				E3E203EF1E533E2100EA9813 /* libopencv_superres.3.2.0.dylib in Frameworks */,
				E3E203DF1E533E2100EA9813 /* libopencv_imgproc.3.2.0.dylib in Frameworks */,
				E3E203CC1E533E2100EA9813 /* libopencv_calib3d.3.2.0.dylib in Frameworks */,
				E3E203EA1E533E2100EA9813 /* libopencv_shape.3.2.0.dylib in Frameworks */,
				E3E203E51E533E2100EA9813 /* libopencv_objdetect.3.2.0.dylib in Frameworks */,
				E3E203E11E533E2100EA9813 /* libopencv_ml.3.2.0.dylib in Frameworks */,
				E3E203F51E533E2100EA9813 /* libopencv_videoio.3.2.0.dylib in Frameworks */,
				E3E203E31E533E2100EA9813 /* libopencv_objdetect.3.2.0.dylib in Frameworks */,
				E3E203D61E533E2100EA9813 /* libopencv_flann.3.2.0.dylib in Frameworks */,
				E3E203E41E533E2100EA9813 /* libopencv_objdetect.3.2.0.dylib in Frameworks */,
				E3E203F31E533E2100EA9813 /* libopencv_video.3.2.0.dylib in Frameworks */,
				E3E203D91E533E2100EA9813 /* libopencv_highgui.3.2.0.dylib in Frameworks */,
				E3E203EC1E533E2100EA9813 /* libopencv_stitching.3.2.0.dylib in Frameworks */,
				E3E203E01E533E2100EA9813 /* libopencv_ml.3.2.0.dylib in Frameworks */,
				E3E203D71E533E2100EA9813 /* libopencv_highgui.3.2.0.dylib in Frameworks */,
				E3E203F11E533E2100EA9813 /* libopencv_superres.3.2.0.dylib in Frameworks */,
				E3E203CF1E533E2100EA9813 /* libopencv_core.3.2.0.dylib in Frameworks */,
				E3E203DD1E533E2100EA9813 /* libopencv_imgproc.3.2.0.dylib in Frameworks */,
				E3E203DB1E533E2100EA9813 /* libopencv_imgcodecs.3.2.0.dylib in Frameworks */,
				E3E203E61E533E2100EA9813 /* libopencv_photo.3.2.0.dylib in Frameworks */,
				E3E203EE1E533E2100EA9813 /* libopencv_stitching.3.2.0.dylib in Frameworks */,
				E3E203DE1E533E2100EA9813 /* libopencv_imgproc.3.2.0.dylib in Frameworks */,
				E3E203E91E533E2100EA9813 /* libopencv_shape.3.2.0.dylib in Frameworks */,
				E3E203F21E533E2100EA9813 /* libopencv_video.3.2.0.dylib in Frameworks */,
				E3E203D21E533E2100EA9813 /* libopencv_features2d.3.2.0.dylib in Frameworks */,
				E3E203D11E533E2100EA9813 /* libopencv_features2d.3.2.0.dylib in Frameworks */,
				E3E203DA1E533E2100EA9813 /* libopencv_imgcodecs.3.2.0.dylib in Frameworks */,
			);
			runOnlyForDeploymentPostprocessing = 0;
		};
/* End PBXFrameworksBuildPhase section */

/* Begin PBXGroup section */
		E3E203871E533DBF00EA9813 = {
			isa = PBXGroup;
			children = (
				E3E2039A1E533E0700EA9813 /* OpenCV Framework */,
				E3E203921E533DBF00EA9813 /* CameraHostThreaded */,
				E3E203911E533DBF00EA9813 /* Products */,
			);
			sourceTree = "<group>";
		};
		E3E203911E533DBF00EA9813 /* Products */ = {
			isa = PBXGroup;
			children = (
				E3E203901E533DBF00EA9813 /* CameraHostThreaded */,
			);
			name = Products;
			sourceTree = "<group>";
		};
		E3E203921E533DBF00EA9813 /* CameraHostThreaded */ = {
			isa = PBXGroup;
			children = (
				E3E203931E533DBF00EA9813 /* main.cpp */,
			);
			path = CameraHostThreaded;
			sourceTree = "<group>";
		};
		E3E2039A1E533E0700EA9813 /* OpenCV Framework */ = {
			isa = PBXGroup;
			children = (
				E3E2039B1E533E2100EA9813 /* libopencv_calib3d.3.2.0.dylib */,
				E3E2039C1E533E2100EA9813 /* libopencv_calib3d.3.2.0.dylib */,
				E3E2039D1E533E2100EA9813 /* libopencv_calib3d.3.2.0.dylib */,
				E3E2039E1E533E2100EA9813 /* libopencv_core.3.2.0.dylib */,
				E3E2039F1E533E2100EA9813 /* libopencv_core.3.2.0.dylib */,
				E3E203A01E533E2100EA9813 /* libopencv_core.3.2.0.dylib */,
				E3E203A11E533E2100EA9813 /* libopencv_features2d.3.2.0.dylib */,
				E3E203A21E533E2100EA9813 /* libopencv_features2d.3.2.0.dylib */,
				E3E203A31E533E2100EA9813 /* libopencv_features2d.3.2.0.dylib */,
				E3E203A41E533E2100EA9813 /* libopencv_flann.3.2.0.dylib */,
				E3E203A51E533E2100EA9813 /* libopencv_flann.3.2.0.dylib */,
				E3E203A61E533E2100EA9813 /* libopencv_flann.3.2.0.dylib */,
				E3E203A71E533E2100EA9813 /* libopencv_highgui.3.2.0.dylib */,
				E3E203A81E533E2100EA9813 /* libopencv_highgui.3.2.0.dylib */,
				E3E203A91E533E2100EA9813 /* libopencv_highgui.3.2.0.dylib */,
				E3E203AA1E533E2100EA9813 /* libopencv_imgcodecs.3.2.0.dylib */,
				E3E203AB1E533E2100EA9813 /* libopencv_imgcodecs.3.2.0.dylib */,
				E3E203AC1E533E2100EA9813 /* libopencv_imgcodecs.3.2.0.dylib */,
				E3E203AD1E533E2100EA9813 /* libopencv_imgproc.3.2.0.dylib */,
				E3E203AE1E533E2100EA9813 /* libopencv_imgproc.3.2.0.dylib */,
				E3E203AF1E533E2100EA9813 /* libopencv_imgproc.3.2.0.dylib */,
				E3E203B01E533E2100EA9813 /* libopencv_ml.3.2.0.dylib */,
				E3E203B11E533E2100EA9813 /* libopencv_ml.3.2.0.dylib */,
				E3E203B21E533E2100EA9813 /* libopencv_ml.3.2.0.dylib */,
				E3E203B31E533E2100EA9813 /* libopencv_objdetect.3.2.0.dylib */,
				E3E203B41E533E2100EA9813 /* libopencv_objdetect.3.2.0.dylib */,
				E3E203B51E533E2100EA9813 /* libopencv_objdetect.3.2.0.dylib */,
				E3E203B61E533E2100EA9813 /* libopencv_photo.3.2.0.dylib */,
				E3E203B71E533E2100EA9813 /* libopencv_photo.3.2.0.dylib */,
				E3E203B81E533E2100EA9813 /* libopencv_photo.3.2.0.dylib */,
				E3E203B91E533E2100EA9813 /* libopencv_shape.3.2.0.dylib */,
				E3E203BA1E533E2100EA9813 /* libopencv_shape.3.2.0.dylib */,
				E3E203BB1E533E2100EA9813 /* libopencv_shape.3.2.0.dylib */,
				E3E203BC1E533E2100EA9813 /* libopencv_stitching.3.2.0.dylib */,
				E3E203BD1E533E2100EA9813 /* libopencv_stitching.3.2.0.dylib */,
				E3E203BE1E533E2100EA9813 /* libopencv_stitching.3.2.0.dylib */,
				E3E203BF1E533E2100EA9813 /* libopencv_superres.3.2.0.dylib */,
				E3E203C01E533E2100EA9813 /* libopencv_superres.3.2.0.dylib */,
				E3E203C11E533E2100EA9813 /* libopencv_superres.3.2.0.dylib */,
				E3E203C21E533E2100EA9813 /* libopencv_video.3.2.0.dylib */,
				E3E203C31E533E2100EA9813 /* libopencv_video.3.2.0.dylib */,
				E3E203C41E533E2100EA9813 /* libopencv_video.3.2.0.dylib */,
				E3E203C51E533E2100EA9813 /* libopencv_videoio.3.2.0.dylib */,
				E3E203C61E533E2100EA9813 /* libopencv_videoio.3.2.0.dylib */,
				E3E203C71E533E2100EA9813 /* libopencv_videoio.3.2.0.dylib */,
				E3E203C81E533E2100EA9813 /* libopencv_videostab.3.2.0.dylib */,
				E3E203C91E533E2100EA9813 /* libopencv_videostab.3.2.0.dylib */,
				E3E203CA1E533E2100EA9813 /* libopencv_videostab.3.2.0.dylib */,
			);
			name = "OpenCV Framework";
			sourceTree = "<group>";
		};
/* End PBXGroup section */

/* Begin PBXNativeTarget section */
		E3E2038F1E533DBF00EA9813 /* CameraHostThreaded */ = {
			isa = PBXNativeTarget;
			buildConfigurationList = E3E203971E533DBF00EA9813 /* Build configuration list for PBXNativeTarget "CameraHostThreaded" */;
			buildPhases = (
				E3E2038C1E533DBF00EA9813 /* Sources */,
				E3E2038D1E533DBF00EA9813 /* Frameworks */,
				E3E2038E1E533DBF00EA9813 /* CopyFiles */,
			);
			buildRules = (
			);
			dependencies = (
			);
			name = CameraHostThreaded;
			productName = CameraHostThreaded;
			productReference = E3E203901E533DBF00EA9813 /* CameraHostThreaded */;
			productType = "com.apple.product-type.tool";
		};
/* End PBXNativeTarget section */

/* Begin PBXProject section */
		E3E203881E533DBF00EA9813 /* Project object */ = {
			isa = PBXProject;
			attributes = {
				LastUpgradeCheck = 0820;
				ORGANIZATIONNAME = "Ryan Yates";
				TargetAttributes = {
					E3E2038F1E533DBF00EA9813 = {
						CreatedOnToolsVersion = 8.2.1;
						ProvisioningStyle = Automatic;
					};
				};
			};
			buildConfigurationList = E3E2038B1E533DBF00EA9813 /* Build configuration list for PBXProject "CameraHostThreaded" */;
			compatibilityVersion = "Xcode 3.2";
			developmentRegion = English;
			hasScannedForEncodings = 0;
			knownRegions = (
				en,
			);
			mainGroup = E3E203871E533DBF00EA9813;
			productRefGroup = E3E203911E533DBF00EA9813 /* Products */;
			projectDirPath = "";
			projectRoot = "";
			targets = (
				E3E2038F1E533DBF00EA9813 /* CameraHostThreaded */,
			);
		};
/* End PBXProject section */

/* Begin PBXSourcesBuildPhase section */
		E3E2038C1E533DBF00EA9813 /* Sources */ = {
			isa = PBXSourcesBuildPhase;
			buildActionMask = 2147483647;
			files = (
				E3E203941E533DBF00EA9813 /* main.cpp in Sources */,
			);
			runOnlyForDeploymentPostprocessing = 0;
		};
/* End PBXSourcesBuildPhase section */

/* Begin XCBuildConfiguration section */
		E3E203951E533DBF00EA9813 /* Debug */ = {
			isa = XCBuildConfiguration;
			buildSettings = {
				ALWAYS_SEARCH_USER_PATHS = NO;
				CLANG_ANALYZER_NONNULL = YES;
				CLANG_CXX_LANGUAGE_STANDARD = "gnu++0x";
				CLANG_CXX_LIBRARY = "libc++";
				CLANG_ENABLE_MODULES = YES;
				CLANG_ENABLE_OBJC_ARC = YES;
				CLANG_WARN_BOOL_CONVERSION = YES;
				CLANG_WARN_CONSTANT_CONVERSION = YES;
				CLANG_WARN_DIRECT_OBJC_ISA_USAGE = YES_ERROR;
				CLANG_WARN_DOCUMENTATION_COMMENTS = YES;
				CLANG_WARN_EMPTY_BODY = YES;
				CLANG_WARN_ENUM_CONVERSION = YES;
				CLANG_WARN_INFINITE_RECURSION = YES;
				CLANG_WARN_INT_CONVERSION = YES;
				CLANG_WARN_OBJC_ROOT_CLASS = YES_ERROR;
				CLANG_WARN_SUSPICIOUS_MOVE = YES;
				CLANG_WARN_UNREACHABLE_CODE = YES;
				CLANG_WARN__DUPLICATE_METHOD_MATCH = YES;
				CODE_SIGN_IDENTITY = "-";
				COPY_PHASE_STRIP = NO;
				DEBUG_INFORMATION_FORMAT = dwarf;
				ENABLE_STRICT_OBJC_MSGSEND = YES;
				ENABLE_TESTABILITY = YES;
				GCC_C_LANGUAGE_STANDARD = gnu99;
				GCC_DYNAMIC_NO_PIC = NO;
				GCC_NO_COMMON_BLOCKS = YES;
				GCC_OPTIMIZATION_LEVEL = 0;
				GCC_PREPROCESSOR_DEFINITIONS = (
					"DEBUG=1",
					"$(inherited)",
				);
				GCC_WARN_64_TO_32_BIT_CONVERSION = YES;
				GCC_WARN_ABOUT_RETURN_TYPE = YES_ERROR;
				GCC_WARN_UNDECLARED_SELECTOR = YES;
				GCC_WARN_UNINITIALIZED_AUTOS = YES_AGGRESSIVE;
				GCC_WARN_UNUSED_FUNCTION = YES;
				GCC_WARN_UNUSED_VARIABLE = YES;
				MACOSX_DEPLOYMENT_TARGET = 10.12;
				MTL_ENABLE_DEBUG_INFO = YES;
				ONLY_ACTIVE_ARCH = YES;
				SDKROOT = macosx;
			};
			name = Debug;
		};
		E3E203961E533DBF00EA9813 /* Release */ = {
			isa = XCBuildConfiguration;
			buildSettings = {
				ALWAYS_SEARCH_USER_PATHS = NO;
				CLANG_ANALYZER_NONNULL = YES;
				CLANG_CXX_LANGUAGE_STANDARD = "gnu++0x";
				CLANG_CXX_LIBRARY = "libc++";
				CLANG_ENABLE_MODULES = YES;
				CLANG_ENABLE_OBJC_ARC = YES;
				CLANG_WARN_BOOL_CONVERSION = YES;
				CLANG_WARN_CONSTANT_CONVERSION = YES;
				CLANG_WARN_DIRECT_OBJC_ISA_USAGE = YES_ERROR;
				CLANG_WARN_DOCUMENTATION_COMMENTS = YES;
				CLANG_WARN_EMPTY_BODY = YES;
				CLANG_WARN_ENUM_CONVERSION = YES;
				CLANG_WARN_INFINITE_RECURSION = YES;
				CLANG_WARN_INT_CONVERSION = YES;
				CLANG_WARN_OBJC_ROOT_CLASS = YES_ERROR;
				CLANG_WARN_SUSPICIOUS_MOVE = YES;
				CLANG_WARN_UNREACHABLE_CODE = YES;
				CLANG_WARN__DUPLICATE_METHOD_MATCH = YES;
				CODE_SIGN_IDENTITY = "-";
				COPY_PHASE_STRIP = NO;
				DEBUG_INFORMATION_FORMAT = "dwarf-with-dsym";
				ENABLE_NS_ASSERTIONS = NO;
				ENABLE_STRICT_OBJC_MSGSEND = YES;
				GCC_C_LANGUAGE_STANDARD = gnu99;
				GCC_NO_COMMON_BLOCKS = YES;
				GCC_WARN_64_TO_32_BIT_CONVERSION = YES;
				GCC_WARN_ABOUT_RETURN_TYPE = YES_ERROR;
				GCC_WARN_UNDECLARED_SELECTOR = YES;
				GCC_WARN_UNINITIALIZED_AUTOS = YES_AGGRESSIVE;
				GCC_WARN_UNUSED_FUNCTION = YES;
				GCC_WARN_UNUSED_VARIABLE = YES;
				MACOSX_DEPLOYMENT_TARGET = 10.12;
				MTL_ENABLE_DEBUG_INFO = NO;
				SDKROOT = macosx;
			};
			name = Release;
		};
		E3E203981E533DBF00EA9813 /* Debug */ = {
			isa = XCBuildConfiguration;
			buildSettings = {
				CLANG_WARN_DOCUMENTATION_COMMENTS = NO;
				HEADER_SEARCH_PATHS = /usr/local/include;
				LIBRARY_SEARCH_PATHS = (
					"$(inherited)",
					"$(PROJECT_DIR)",
				);
				PRODUCT_NAME = "$(TARGET_NAME)";
			};
			name = Debug;
		};
		E3E203991E533DBF00EA9813 /* Release */ = {
			isa = XCBuildConfiguration;
			buildSettings = {
				CLANG_WARN_DOCUMENTATION_COMMENTS = NO;
				HEADER_SEARCH_PATHS = /usr/local/include;
				LIBRARY_SEARCH_PATHS = (
					"$(inherited)",
					"$(PROJECT_DIR)",
				);
				PRODUCT_NAME = "$(TARGET_NAME)";
			};
			name = Release;
		};
/* End XCBuildConfiguration section */

/* Begin XCConfigurationList section */
		E3E2038B1E533DBF00EA9813 /* Build configuration list for PBXProject "CameraHostThreaded" */ = {
			isa = XCConfigurationList;
			buildConfigurations = (
				E3E203951E533DBF00EA9813 /* Debug */,
				E3E203961E533DBF00EA9813 /* Release */,
			);
			defaultConfigurationIsVisible = 0;
			defaultConfigurationName = Release;
		};
		E3E203971E533DBF00EA9813 /* Build configuration list for PBXNativeTarget "CameraHostThreaded" */ = {
			isa = XCConfigurationList;
			buildConfigurations = (
				E3E203981E533DBF00EA9813 /* Debug */,
				E3E203991E533DBF00EA9813 /* Release */,
			);
			defaultConfigurationIsVisible = 0;
		};
/* End XCConfigurationList section */
	};
	rootObject = E3E203881E533DBF00EA9813 /* Project object */;
}
